
Microsoft Visual Studio Solution File, Format Version 12.00
# Visual Studio Version 17
VisualStudioVersion = 17.8.34309.116
MinimumVisualStudioVersion = 10.0.40219.1
Project("{8BC9CEB8-8B4A-11D0-8D11-00A0C91BC942}") = "Allocator", "Allocator\Allocator.vcxproj", "{A6ED4856-ACF9-46DF-9598-2B62FD4BFCC6}"
EndProject
Global
	GlobalSection(SolutionConfigurationPlatforms) = preSolution
		Debug|x64 = Debug|x64
		Debug|x86 = Debug|x86
		Release|x64 = Release|x64
		Release|x86 = Release|x86
	EndGlobalSection
	GlobalSection(ProjectConfigurationPlatforms) = postSolution
		{A6ED4856-ACF9-46DF-9598-2B62FD4BFCC6}.Debug|x64.ActiveCfg = Debug|x64
		{A6ED4856-ACF9-46DF-9598-2B62FD4BFCC6}.Debug|x64.Build.0 = Debug|x64
		{A6ED4856-ACF9-46DF-9598-2B62FD4BFCC6}.Debug|x86.ActiveCfg = Debug|Win32
		{A6ED4856-ACF9-46DF-9598-2B62FD4BFCC6}.Debug|x86.Build.0 = Debug|Win32
		{A6ED4856-ACF9-46DF-9598-2B62FD4BFCC6}.Release|x64.ActiveCfg = Release|x64
		{A6ED4856-ACF9-46DF-9598-2B62FD4BFCC6}.Release|x64.Build.0 = Release|x64
		{A6ED4856-ACF9-46DF-9598-2B62FD4BFCC6}.Release|x86.ActiveCfg = Release|Win32
		{A6ED4856-ACF9-46DF-9598-2B62FD4BFCC6}.Release|x86.Build.0 = Release|Win32
	EndGlobalSection
	GlobalSection(SolutionProperties) = preSolution
		HideSolutionNode = FALSE
	EndGlobalSection
	GlobalSection(ExtensibilityGlobals) = postSolution
		SolutionGuid = {0DCC6BE5-FD6B-407A-B8B8-805D48746429}
	EndGlobalSection
EndGlobal
